
Microsoft Visual Studio Solution File, Format Version 12.00
# Visual Studio Version 16
VisualStudioVersion = 16.0.31424.327
MinimumVisualStudioVersion = 10.0.40219.1
Project("{9A19103F-16F7-4668-BE54-9A1E7A4F7556}") = "PetsRegApi", "PetsRegApi\PetsRegApi.csproj", "{85B71053-B780-4FF8-B7E1-19CB559F03DC}"
EndProject
Project("{FAE04EC0-301F-11D3-BF4B-00C04F79EFBC}") = "PestRegApi.UnitTests", "PestRegApi.UnitTests\PestRegApi.UnitTests.csproj", "{9C617734-CA2A-490B-8299-40EB4D2A96CD}"
EndProject
Global
	GlobalSection(SolutionConfigurationPlatforms) = preSolution
		Debug|Any CPU = Debug|Any CPU
		Release|Any CPU = Release|Any CPU
	EndGlobalSection
	GlobalSection(ProjectConfigurationPlatforms) = postSolution
		{85B71053-B780-4FF8-B7E1-19CB559F03DC}.Debug|Any CPU.ActiveCfg = Debug|Any CPU
		{85B71053-B780-4FF8-B7E1-19CB559F03DC}.Debug|Any CPU.Build.0 = Debug|Any CPU
		{85B71053-B780-4FF8-B7E1-19CB559F03DC}.Release|Any CPU.ActiveCfg = Release|Any CPU
		{85B71053-B780-4FF8-B7E1-19CB559F03DC}.Release|Any CPU.Build.0 = Release|Any CPU
		{9C617734-CA2A-490B-8299-40EB4D2A96CD}.Debug|Any CPU.ActiveCfg = Debug|Any CPU
		{9C617734-CA2A-490B-8299-40EB4D2A96CD}.Debug|Any CPU.Build.0 = Debug|Any CPU
		{9C617734-CA2A-490B-8299-40EB4D2A96CD}.Release|Any CPU.ActiveCfg = Release|Any CPU
		{9C617734-CA2A-490B-8299-40EB4D2A96CD}.Release|Any CPU.Build.0 = Release|Any CPU
	EndGlobalSection
	GlobalSection(SolutionProperties) = preSolution
		HideSolutionNode = FALSE
	EndGlobalSection
	GlobalSection(ExtensibilityGlobals) = postSolution
		SolutionGuid = {61D53B0A-DB96-4CD6-BEA6-8D8FB36DE6D2}
	EndGlobalSection
EndGlobal
